// !$*UTF8*$!
{
	archiveVersion = 1;
	classes = {
	};
	objectVersion = 51;
	objects = {

/* Begin PBXBuildFile section */
		82346CA325E0795F0001EF2E /* CityTableViewCell.swift in Sources */ = {isa = PBXBuildFile; fileRef = 82346CA125E0795F0001EF2E /* CityTableViewCell.swift */; };
		82346CA425E0795F0001EF2E /* CityTableViewCell.xib in Resources */ = {isa = PBXBuildFile; fileRef = 82346CA225E0795F0001EF2E /* CityTableViewCell.xib */; };
		8239A5C225DE273E00380780 /* WeatherCollectionViewCell.swift in Sources */ = {isa = PBXBuildFile; fileRef = 8239A5C025DE273E00380780 /* WeatherCollectionViewCell.swift */; };
		8239A5C325DE273E00380780 /* WeatherCollectionViewCell.xib in Resources */ = {isa = PBXBuildFile; fileRef = 8239A5C125DE273E00380780 /* WeatherCollectionViewCell.xib */; };
		8239A5C725DE275700380780 /* WeatherTableViewCell.swift in Sources */ = {isa = PBXBuildFile; fileRef = 8239A5C525DE275700380780 /* WeatherTableViewCell.swift */; };
		8239A5C825DE275700380780 /* WeatherTableViewCell.xib in Resources */ = {isa = PBXBuildFile; fileRef = 8239A5C625DE275700380780 /* WeatherTableViewCell.xib */; };
		8239A5CB25DE607100380780 /* ChangeCityViewController.swift in Sources */ = {isa = PBXBuildFile; fileRef = 8239A5CA25DE607100380780 /* ChangeCityViewController.swift */; };
		824B7CEC25DDCE5700969D2B /* Constants.swift in Sources */ = {isa = PBXBuildFile; fileRef = 824B7CEB25DDCE5700969D2B /* Constants.swift */; };
		82627F4725DDB8E60084BCA1 /* AppDelegate.swift in Sources */ = {isa = PBXBuildFile; fileRef = 82627F4625DDB8E60084BCA1 /* AppDelegate.swift */; };
		82627F4925DDB8E60084BCA1 /* SceneDelegate.swift in Sources */ = {isa = PBXBuildFile; fileRef = 82627F4825DDB8E60084BCA1 /* SceneDelegate.swift */; };
		82627F4E25DDB8E60084BCA1 /* Main.storyboard in Resources */ = {isa = PBXBuildFile; fileRef = 82627F4C25DDB8E60084BCA1 /* Main.storyboard */; };
		82627F5025DDB8E80084BCA1 /* Assets.xcassets in Resources */ = {isa = PBXBuildFile; fileRef = 82627F4F25DDB8E80084BCA1 /* Assets.xcassets */; };
		82627F5325DDB8E80084BCA1 /* LaunchScreen.storyboard in Resources */ = {isa = PBXBuildFile; fileRef = 82627F5125DDB8E80084BCA1 /* LaunchScreen.storyboard */; };
		82627F6425DDBC0D0084BCA1 /* Model.swift in Sources */ = {isa = PBXBuildFile; fileRef = 82627F6325DDBC0D0084BCA1 /* Model.swift */; };
		82627F6D25DDC1890084BCA1 /* WeatherViewController.swift in Sources */ = {isa = PBXBuildFile; fileRef = 82627F6C25DDC1890084BCA1 /* WeatherViewController.swift */; };
		EFBA578F907F5B8B86D74F5C /* Pods_WeatherApp.framework in Frameworks */ = {isa = PBXBuildFile; fileRef = 1C708999D1717E283057FBBA /* Pods_WeatherApp.framework */; };
/* End PBXBuildFile section */

/* Begin PBXFileReference section */
		00A9537F1F9BA05E19557C57 /* Pods-WeatherApp.debug.xcconfig */ = {isa = PBXFileReference; includeInIndex = 1; lastKnownFileType = text.xcconfig; name = "Pods-WeatherApp.debug.xcconfig"; path = "Target Support Files/Pods-WeatherApp/Pods-WeatherApp.debug.xcconfig"; sourceTree = "<group>"; };
		1C708999D1717E283057FBBA /* Pods_WeatherApp.framework */ = {isa = PBXFileReference; explicitFileType = wrapper.framework; includeInIndex = 0; path = Pods_WeatherApp.framework; sourceTree = BUILT_PRODUCTS_DIR; };
		82346CA125E0795F0001EF2E /* CityTableViewCell.swift */ = {isa = PBXFileReference; lastKnownFileType = sourcecode.swift; path = CityTableViewCell.swift; sourceTree = "<group>"; };
		82346CA225E0795F0001EF2E /* CityTableViewCell.xib */ = {isa = PBXFileReference; lastKnownFileType = file.xib; path = CityTableViewCell.xib; sourceTree = "<group>"; };
		8239A5C025DE273E00380780 /* WeatherCollectionViewCell.swift */ = {isa = PBXFileReference; lastKnownFileType = sourcecode.swift; path = WeatherCollectionViewCell.swift; sourceTree = "<group>"; };
		8239A5C125DE273E00380780 /* WeatherCollectionViewCell.xib */ = {isa = PBXFileReference; lastKnownFileType = file.xib; path = WeatherCollectionViewCell.xib; sourceTree = "<group>"; };
		8239A5C525DE275700380780 /* WeatherTableViewCell.swift */ = {isa = PBXFileReference; lastKnownFileType = sourcecode.swift; path = WeatherTableViewCell.swift; sourceTree = "<group>"; };
		8239A5C625DE275700380780 /* WeatherTableViewCell.xib */ = {isa = PBXFileReference; lastKnownFileType = file.xib; path = WeatherTableViewCell.xib; sourceTree = "<group>"; };
		8239A5CA25DE607100380780 /* ChangeCityViewController.swift */ = {isa = PBXFileReference; lastKnownFileType = sourcecode.swift; path = ChangeCityViewController.swift; sourceTree = "<group>"; };
		824B7CEB25DDCE5700969D2B /* Constants.swift */ = {isa = PBXFileReference; lastKnownFileType = sourcecode.swift; path = Constants.swift; sourceTree = "<group>"; };
		82627F4325DDB8E60084BCA1 /* WeatherApp.app */ = {isa = PBXFileReference; explicitFileType = wrapper.application; includeInIndex = 0; path = WeatherApp.app; sourceTree = BUILT_PRODUCTS_DIR; };
		82627F4625DDB8E60084BCA1 /* AppDelegate.swift */ = {isa = PBXFileReference; lastKnownFileType = sourcecode.swift; path = AppDelegate.swift; sourceTree = "<group>"; };
		82627F4825DDB8E60084BCA1 /* SceneDelegate.swift */ = {isa = PBXFileReference; lastKnownFileType = sourcecode.swift; path = SceneDelegate.swift; sourceTree = "<group>"; };
		82627F4D25DDB8E60084BCA1 /* Base */ = {isa = PBXFileReference; lastKnownFileType = file.storyboard; name = Base; path = Base.lproj/Main.storyboard; sourceTree = "<group>"; };
		82627F4F25DDB8E80084BCA1 /* Assets.xcassets */ = {isa = PBXFileReference; lastKnownFileType = folder.assetcatalog; path = Assets.xcassets; sourceTree = "<group>"; };
		82627F5225DDB8E80084BCA1 /* Base */ = {isa = PBXFileReference; lastKnownFileType = file.storyboard; name = Base; path = Base.lproj/LaunchScreen.storyboard; sourceTree = "<group>"; };
		82627F5425DDB8E80084BCA1 /* Info.plist */ = {isa = PBXFileReference; lastKnownFileType = text.plist.xml; path = Info.plist; sourceTree = "<group>"; };
		82627F6325DDBC0D0084BCA1 /* Model.swift */ = {isa = PBXFileReference; lastKnownFileType = sourcecode.swift; path = Model.swift; sourceTree = "<group>"; };
		82627F6C25DDC1890084BCA1 /* WeatherViewController.swift */ = {isa = PBXFileReference; lastKnownFileType = sourcecode.swift; path = WeatherViewController.swift; sourceTree = "<group>"; };
		CD29A0ECDC30AF2A4A4F759B /* Pods-WeatherApp.release.xcconfig */ = {isa = PBXFileReference; includeInIndex = 1; lastKnownFileType = text.xcconfig; name = "Pods-WeatherApp.release.xcconfig"; path = "Target Support Files/Pods-WeatherApp/Pods-WeatherApp.release.xcconfig"; sourceTree = "<group>"; };
/* End PBXFileReference section */

/* Begin PBXFrameworksBuildPhase section */
		82627F4025DDB8E60084BCA1 /* Frameworks */ = {
			isa = PBXFrameworksBuildPhase;
			buildActionMask = 2147483647;
			files = (
				EFBA578F907F5B8B86D74F5C /* Pods_WeatherApp.framework in Frameworks */,
			);
			runOnlyForDeploymentPostprocessing = 0;
		};
/* End PBXFrameworksBuildPhase section */

/* Begin PBXGroup section */
		071A1BADF794DE0148F0864D /* Pods */ = {
			isa = PBXGroup;
			children = (
				00A9537F1F9BA05E19557C57 /* Pods-WeatherApp.debug.xcconfig */,
				CD29A0ECDC30AF2A4A4F759B /* Pods-WeatherApp.release.xcconfig */,
			);
			path = Pods;
			sourceTree = "<group>";
		};
		700CFE0FA2CE5E3080248FE2 /* Frameworks */ = {
			isa = PBXGroup;
			children = (
				1C708999D1717E283057FBBA /* Pods_WeatherApp.framework */,
			);
			name = Frameworks;
			sourceTree = "<group>";
		};
		82627F3A25DDB8E60084BCA1 = {
			isa = PBXGroup;
			children = (
				82627F4525DDB8E60084BCA1 /* WeatherApp */,
				82627F4425DDB8E60084BCA1 /* Products */,
				071A1BADF794DE0148F0864D /* Pods */,
				700CFE0FA2CE5E3080248FE2 /* Frameworks */,
			);
			sourceTree = "<group>";
		};
		82627F4425DDB8E60084BCA1 /* Products */ = {
			isa = PBXGroup;
			children = (
				82627F4325DDB8E60084BCA1 /* WeatherApp.app */,
			);
			name = Products;
			sourceTree = "<group>";
		};
		82627F4525DDB8E60084BCA1 /* WeatherApp */ = {
			isa = PBXGroup;
			children = (
				82627F6225DDBBC20084BCA1 /* Model */,
				82627F6125DDBBBA0084BCA1 /* View */,
				82627F6025DDBBAF0084BCA1 /* Controller */,
				82627F4625DDB8E60084BCA1 /* AppDelegate.swift */,
				82627F4825DDB8E60084BCA1 /* SceneDelegate.swift */,
				82627F4F25DDB8E80084BCA1 /* Assets.xcassets */,
				82627F5425DDB8E80084BCA1 /* Info.plist */,
			);
			path = WeatherApp;
			sourceTree = "<group>";
		};
		82627F6025DDBBAF0084BCA1 /* Controller */ = {
			isa = PBXGroup;
			children = (
				82627F6C25DDC1890084BCA1 /* WeatherViewController.swift */,
				8239A5CA25DE607100380780 /* ChangeCityViewController.swift */,
			);
			path = Controller;
			sourceTree = "<group>";
		};
		82627F6125DDBBBA0084BCA1 /* View */ = {
			isa = PBXGroup;
			children = (
				82627F6725DDBDD00084BCA1 /* Cells */,
				82627F5125DDB8E80084BCA1 /* LaunchScreen.storyboard */,
				82627F4C25DDB8E60084BCA1 /* Main.storyboard */,
			);
			path = View;
			sourceTree = "<group>";
		};
		82627F6225DDBBC20084BCA1 /* Model */ = {
			isa = PBXGroup;
			children = (
				82627F6325DDBC0D0084BCA1 /* Model.swift */,
				824B7CEB25DDCE5700969D2B /* Constants.swift */,
			);
			path = Model;
			sourceTree = "<group>";
		};
		82627F6725DDBDD00084BCA1 /* Cells */ = {
			isa = PBXGroup;
			children = (
				8239A5C025DE273E00380780 /* WeatherCollectionViewCell.swift */,
				8239A5C125DE273E00380780 /* WeatherCollectionViewCell.xib */,
				8239A5C525DE275700380780 /* WeatherTableViewCell.swift */,
				8239A5C625DE275700380780 /* WeatherTableViewCell.xib */,
				82346CA125E0795F0001EF2E /* CityTableViewCell.swift */,
				82346CA225E0795F0001EF2E /* CityTableViewCell.xib */,
			);
			path = Cells;
			sourceTree = "<group>";
		};
/* End PBXGroup section */

/* Begin PBXNativeTarget section */
		82627F4225DDB8E60084BCA1 /* WeatherApp */ = {
			isa = PBXNativeTarget;
			buildConfigurationList = 82627F5725DDB8E80084BCA1 /* Build configuration list for PBXNativeTarget "WeatherApp" */;
			buildPhases = (
				080246F776B505AD6DBC6DC9 /* [CP] Check Pods Manifest.lock */,
				82627F3F25DDB8E60084BCA1 /* Sources */,
				82627F4025DDB8E60084BCA1 /* Frameworks */,
				82627F4125DDB8E60084BCA1 /* Resources */,
				ED645665E0DDA429A6A794D5 /* [CP] Embed Pods Frameworks */,
			);
			buildRules = (
			);
			dependencies = (
			);
			name = WeatherApp;
			productName = WeatherApp;
			productReference = 82627F4325DDB8E60084BCA1 /* WeatherApp.app */;
			productType = "com.apple.product-type.application";
		};
/* End PBXNativeTarget section */

/* Begin PBXProject section */
		82627F3B25DDB8E60084BCA1 /* Project object */ = {
			isa = PBXProject;
			attributes = {
				LastSwiftUpdateCheck = 1200;
				LastUpgradeCheck = 1200;
				TargetAttributes = {
					82627F4225DDB8E60084BCA1 = {
						CreatedOnToolsVersion = 12.0.1;
					};
				};
			};
			buildConfigurationList = 82627F3E25DDB8E60084BCA1 /* Build configuration list for PBXProject "WeatherApp" */;
			compatibilityVersion = "Xcode 9.3";
			developmentRegion = en;
			hasScannedForEncodings = 0;
			knownRegions = (
				en,
				Base,
			);
			mainGroup = 82627F3A25DDB8E60084BCA1;
			productRefGroup = 82627F4425DDB8E60084BCA1 /* Products */;
			projectDirPath = "";
			projectRoot = "";
			targets = (
				82627F4225DDB8E60084BCA1 /* WeatherApp */,
			);
		};
/* End PBXProject section */

/* Begin PBXResourcesBuildPhase section */
		82627F4125DDB8E60084BCA1 /* Resources */ = {
			isa = PBXResourcesBuildPhase;
			buildActionMask = 2147483647;
			files = (
				82627F5325DDB8E80084BCA1 /* LaunchScreen.storyboard in Resources */,
				8239A5C325DE273E00380780 /* WeatherCollectionViewCell.xib in Resources */,
				8239A5C825DE275700380780 /* WeatherTableViewCell.xib in Resources */,
				82627F5025DDB8E80084BCA1 /* Assets.xcassets in Resources */,
				82346CA425E0795F0001EF2E /* CityTableViewCell.xib in Resources */,
				82627F4E25DDB8E60084BCA1 /* Main.storyboard in Resources */,
			);
			runOnlyForDeploymentPostprocessing = 0;
		};
/* End PBXResourcesBuildPhase section */

/* Begin PBXShellScriptBuildPhase section */
		080246F776B505AD6DBC6DC9 /* [CP] Check Pods Manifest.lock */ = {
			isa = PBXShellScriptBuildPhase;
			buildActionMask = 2147483647;
			files = (
			);
			inputFileListPaths = (
			);
			inputPaths = (
				"${PODS_PODFILE_DIR_PATH}/Podfile.lock",
				"${PODS_ROOT}/Manifest.lock",
			);
			name = "[CP] Check Pods Manifest.lock";
			outputFileListPaths = (
			);
			outputPaths = (
				"$(DERIVED_FILE_DIR)/Pods-WeatherApp-checkManifestLockResult.txt",
			);
			runOnlyForDeploymentPostprocessing = 0;
			shellPath = /bin/sh;
			shellScript = "diff \"${PODS_PODFILE_DIR_PATH}/Podfile.lock\" \"${PODS_ROOT}/Manifest.lock\" > /dev/null\nif [ $? != 0 ] ; then\n    # print error to STDERR\n    echo \"error: The sandbox is not in sync with the Podfile.lock. Run 'pod install' or update your CocoaPods installation.\" >&2\n    exit 1\nfi\n# This output is used by Xcode 'outputs' to avoid re-running this script phase.\necho \"SUCCESS\" > \"${SCRIPT_OUTPUT_FILE_0}\"\n";
			showEnvVarsInLog = 0;
		};
		ED645665E0DDA429A6A794D5 /* [CP] Embed Pods Frameworks */ = {
			isa = PBXShellScriptBuildPhase;
			buildActionMask = 2147483647;
			files = (
			);
			inputFileListPaths = (
				"${PODS_ROOT}/Target Support Files/Pods-WeatherApp/Pods-WeatherApp-frameworks-${CONFIGURATION}-input-files.xcfilelist",
			);
			name = "[CP] Embed Pods Frameworks";
			outputFileListPaths = (
				"${PODS_ROOT}/Target Support Files/Pods-WeatherApp/Pods-WeatherApp-frameworks-${CONFIGURATION}-output-files.xcfilelist",
			);
			runOnlyForDeploymentPostprocessing = 0;
			shellPath = /bin/sh;
			shellScript = "\"${PODS_ROOT}/Target Support Files/Pods-WeatherApp/Pods-WeatherApp-frameworks.sh\"\n";
			showEnvVarsInLog = 0;
		};
/* End PBXShellScriptBuildPhase section */

/* Begin PBXSourcesBuildPhase section */
		82627F3F25DDB8E60084BCA1 /* Sources */ = {
			isa = PBXSourcesBuildPhase;
			buildActionMask = 2147483647;
			files = (
				82346CA325E0795F0001EF2E /* CityTableViewCell.swift in Sources */,
				8239A5C725DE275700380780 /* WeatherTableViewCell.swift in Sources */,
				82627F6D25DDC1890084BCA1 /* WeatherViewController.swift in Sources */,
				82627F4725DDB8E60084BCA1 /* AppDelegate.swift in Sources */,
				82627F4925DDB8E60084BCA1 /* SceneDelegate.swift in Sources */,
				82627F6425DDBC0D0084BCA1 /* Model.swift in Sources */,
				824B7CEC25DDCE5700969D2B /* Constants.swift in Sources */,
				8239A5C225DE273E00380780 /* WeatherCollectionViewCell.swift in Sources */,
				8239A5CB25DE607100380780 /* ChangeCityViewController.swift in Sources */,
			);
			runOnlyForDeploymentPostprocessing = 0;
		};
/* End PBXSourcesBuildPhase section */

/* Begin PBXVariantGroup section */
		82627F4C25DDB8E60084BCA1 /* Main.storyboard */ = {
			isa = PBXVariantGroup;
			children = (
				82627F4D25DDB8E60084BCA1 /* Base */,
			);
			name = Main.storyboard;
			sourceTree = "<group>";
		};
		82627F5125DDB8E80084BCA1 /* LaunchScreen.storyboard */ = {
			isa = PBXVariantGroup;
			children = (
				82627F5225DDB8E80084BCA1 /* Base */,
			);
			name = LaunchScreen.storyboard;
			sourceTree = "<group>";
		};
/* End PBXVariantGroup section */

/* Begin XCBuildConfiguration section */
		82627F5525DDB8E80084BCA1 /* Debug */ = {
			isa = XCBuildConfiguration;
			buildSettings = {
				ALWAYS_SEARCH_USER_PATHS = NO;
				CLANG_ANALYZER_NONNULL = YES;
				CLANG_ANALYZER_NUMBER_OBJECT_CONVERSION = YES_AGGRESSIVE;
				CLANG_CXX_LANGUAGE_STANDARD = "gnu++14";
				CLANG_CXX_LIBRARY = "libc++";
				CLANG_ENABLE_MODULES = YES;
				CLANG_ENABLE_OBJC_ARC = YES;
				CLANG_ENABLE_OBJC_WEAK = YES;
				CLANG_WARN_BLOCK_CAPTURE_AUTORELEASING = YES;
				CLANG_WARN_BOOL_CONVERSION = YES;
				CLANG_WARN_COMMA = YES;
				CLANG_WARN_CONSTANT_CONVERSION = YES;
				CLANG_WARN_DEPRECATED_OBJC_IMPLEMENTATIONS = YES;
				CLANG_WARN_DIRECT_OBJC_ISA_USAGE = YES_ERROR;
				CLANG_WARN_DOCUMENTATION_COMMENTS = YES;
				CLANG_WARN_EMPTY_BODY = YES;
				CLANG_WARN_ENUM_CONVERSION = YES;
				CLANG_WARN_INFINITE_RECURSION = YES;
				CLANG_WARN_INT_CONVERSION = YES;
				CLANG_WARN_NON_LITERAL_NULL_CONVERSION = YES;
				CLANG_WARN_OBJC_IMPLICIT_RETAIN_SELF = YES;
				CLANG_WARN_OBJC_LITERAL_CONVERSION = YES;
				CLANG_WARN_OBJC_ROOT_CLASS = YES_ERROR;
				CLANG_WARN_QUOTED_INCLUDE_IN_FRAMEWORK_HEADER = YES;
				CLANG_WARN_RANGE_LOOP_ANALYSIS = YES;
				CLANG_WARN_STRICT_PROTOTYPES = YES;
				CLANG_WARN_SUSPICIOUS_MOVE = YES;
				CLANG_WARN_UNGUARDED_AVAILABILITY = YES_AGGRESSIVE;
				CLANG_WARN_UNREACHABLE_CODE = YES;
				CLANG_WARN__DUPLICATE_METHOD_MATCH = YES;
				COPY_PHASE_STRIP = NO;
				DEBUG_INFORMATION_FORMAT = dwarf;
				ENABLE_STRICT_OBJC_MSGSEND = YES;
				ENABLE_TESTABILITY = YES;
				GCC_C_LANGUAGE_STANDARD = gnu11;
				GCC_DYNAMIC_NO_PIC = NO;
				GCC_NO_COMMON_BLOCKS = YES;
				GCC_OPTIMIZATION_LEVEL = 0;
				GCC_PREPROCESSOR_DEFINITIONS = (
					"DEBUG=1",
					"$(inherited)",
				);
				GCC_WARN_64_TO_32_BIT_CONVERSION = YES;
				GCC_WARN_ABOUT_RETURN_TYPE = YES_ERROR;
				GCC_WARN_UNDECLARED_SELECTOR = YES;
				GCC_WARN_UNINITIALIZED_AUTOS = YES_AGGRESSIVE;
				GCC_WARN_UNUSED_FUNCTION = YES;
				GCC_WARN_UNUSED_VARIABLE = YES;
				IPHONEOS_DEPLOYMENT_TARGET = 14.0;
				MTL_ENABLE_DEBUG_INFO = INCLUDE_SOURCE;
				MTL_FAST_MATH = YES;
				ONLY_ACTIVE_ARCH = YES;
				SDKROOT = iphoneos;
				SWIFT_ACTIVE_COMPILATION_CONDITIONS = DEBUG;
				SWIFT_OPTIMIZATION_LEVEL = "-Onone";
			};
			name = Debug;
		};
		82627F5625DDB8E80084BCA1 /* Release */ = {
			isa = XCBuildConfiguration;
			buildSettings = {
				ALWAYS_SEARCH_USER_PATHS = NO;
				CLANG_ANALYZER_NONNULL = YES;
				CLANG_ANALYZER_NUMBER_OBJECT_CONVERSION = YES_AGGRESSIVE;
				CLANG_CXX_LANGUAGE_STANDARD = "gnu++14";
				CLANG_CXX_LIBRARY = "libc++";
				CLANG_ENABLE_MODULES = YES;
				CLANG_ENABLE_OBJC_ARC = YES;
				CLANG_ENABLE_OBJC_WEAK = YES;
				CLANG_WARN_BLOCK_CAPTURE_AUTORELEASING = YES;
				CLANG_WARN_BOOL_CONVERSION = YES;
				CLANG_WARN_COMMA = YES;
				CLANG_WARN_CONSTANT_CONVERSION = YES;
				CLANG_WARN_DEPRECATED_OBJC_IMPLEMENTATIONS = YES;
				CLANG_WARN_DIRECT_OBJC_ISA_USAGE = YES_ERROR;
				CLANG_WARN_DOCUMENTATION_COMMENTS = YES;
				CLANG_WARN_EMPTY_BODY = YES;
				CLANG_WARN_ENUM_CONVERSION = YES;
				CLANG_WARN_INFINITE_RECURSION = YES;
				CLANG_WARN_INT_CONVERSION = YES;
				CLANG_WARN_NON_LITERAL_NULL_CONVERSION = YES;
				CLANG_WARN_OBJC_IMPLICIT_RETAIN_SELF = YES;
				CLANG_WARN_OBJC_LITERAL_CONVERSION = YES;
				CLANG_WARN_OBJC_ROOT_CLASS = YES_ERROR;
				CLANG_WARN_QUOTED_INCLUDE_IN_FRAMEWORK_HEADER = YES;
				CLANG_WARN_RANGE_LOOP_ANALYSIS = YES;
				CLANG_WARN_STRICT_PROTOTYPES = YES;
				CLANG_WARN_SUSPICIOUS_MOVE = YES;
				CLANG_WARN_UNGUARDED_AVAILABILITY = YES_AGGRESSIVE;
				CLANG_WARN_UNREACHABLE_CODE = YES;
				CLANG_WARN__DUPLICATE_METHOD_MATCH = YES;
				COPY_PHASE_STRIP = NO;
				DEBUG_INFORMATION_FORMAT = "dwarf-with-dsym";
				ENABLE_NS_ASSERTIONS = NO;
				ENABLE_STRICT_OBJC_MSGSEND = YES;
				GCC_C_LANGUAGE_STANDARD = gnu11;
				GCC_NO_COMMON_BLOCKS = YES;
				GCC_WARN_64_TO_32_BIT_CONVERSION = YES;
				GCC_WARN_ABOUT_RETURN_TYPE = YES_ERROR;
				GCC_WARN_UNDECLARED_SELECTOR = YES;
				GCC_WARN_UNINITIALIZED_AUTOS = YES_AGGRESSIVE;
				GCC_WARN_UNUSED_FUNCTION = YES;
				GCC_WARN_UNUSED_VARIABLE = YES;
				IPHONEOS_DEPLOYMENT_TARGET = 14.0;
				MTL_ENABLE_DEBUG_INFO = NO;
				MTL_FAST_MATH = YES;
				SDKROOT = iphoneos;
				SWIFT_COMPILATION_MODE = wholemodule;
				SWIFT_OPTIMIZATION_LEVEL = "-O";
				VALIDATE_PRODUCT = YES;
			};
			name = Release;
		};
		82627F5825DDB8E80084BCA1 /* Debug */ = {
			isa = XCBuildConfiguration;
			baseConfigurationReference = 00A9537F1F9BA05E19557C57 /* Pods-WeatherApp.debug.xcconfig */;
			buildSettings = {
				ASSETCATALOG_COMPILER_APPICON_NAME = AppIcon;
				ASSETCATALOG_COMPILER_GLOBAL_ACCENT_COLOR_NAME = AccentColor;
				CODE_SIGN_STYLE = Automatic;
				DEVELOPMENT_TEAM = UUG8GA57CW;
				INFOPLIST_FILE = WeatherApp/Info.plist;
				LD_RUNPATH_SEARCH_PATHS = (
					"$(inherited)",
					"@executable_path/Frameworks",
				);
				PRODUCT_BUNDLE_IDENTIFIER = Chingiz.WeatherApp;
				PRODUCT_NAME = "$(TARGET_NAME)";
				SWIFT_VERSION = 5.0;
				TARGETED_DEVICE_FAMILY = "1,2";
			};
			name = Debug;
		};
		82627F5925DDB8E80084BCA1 /* Release */ = {
			isa = XCBuildConfiguration;
			baseConfigurationReference = CD29A0ECDC30AF2A4A4F759B /* Pods-WeatherApp.release.xcconfig */;
			buildSettings = {
				ASSETCATALOG_COMPILER_APPICON_NAME = AppIcon;
				ASSETCATALOG_COMPILER_GLOBAL_ACCENT_COLOR_NAME = AccentColor;
				CODE_SIGN_STYLE = Automatic;
				DEVELOPMENT_TEAM = UUG8GA57CW;
				INFOPLIST_FILE = WeatherApp/Info.plist;
				LD_RUNPATH_SEARCH_PATHS = (
					"$(inherited)",
					"@executable_path/Frameworks",
				);
				PRODUCT_BUNDLE_IDENTIFIER = Chingiz.WeatherApp;
				PRODUCT_NAME = "$(TARGET_NAME)";
				SWIFT_VERSION = 5.0;
				TARGETED_DEVICE_FAMILY = "1,2";
			};
			name = Release;
		};
/* End XCBuildConfiguration section */

/* Begin XCConfigurationList section */
		82627F3E25DDB8E60084BCA1 /* Build configuration list for PBXProject "WeatherApp" */ = {
			isa = XCConfigurationList;
			buildConfigurations = (
				82627F5525DDB8E80084BCA1 /* Debug */,
				82627F5625DDB8E80084BCA1 /* Release */,
			);
			defaultConfigurationIsVisible = 0;
			defaultConfigurationName = Release;
		};
		82627F5725DDB8E80084BCA1 /* Build configuration list for PBXNativeTarget "WeatherApp" */ = {
			isa = XCConfigurationList;
			buildConfigurations = (
				82627F5825DDB8E80084BCA1 /* Debug */,
				82627F5925DDB8E80084BCA1 /* Release */,
			);
			defaultConfigurationIsVisible = 0;
			defaultConfigurationName = Release;
		};
/* End XCConfigurationList section */
	};
	rootObject = 82627F3B25DDB8E60084BCA1 /* Project object */;
}
